
Microsoft Visual Studio Solution File, Format Version 12.00
# Visual Studio Version 16
VisualStudioVersion = 16.0.30907.101
MinimumVisualStudioVersion = 10.0.40219.1
Project("{9A19103F-16F7-4668-BE54-9A1E7A4F7556}") = "Rabotora.CLI", "Rabotora.CLI\Rabotora.CLI.csproj", "{40120B79-4BE0-47E7-8193-A75582FEC21B}"
EndProject
Project("{2150E333-8FDC-42A3-9474-1A3956D46DE8}") = "Solution Items", "Solution Items", "{52277BBE-C649-4051-BABE-F140B095EB3E}"
	ProjectSection(SolutionItems) = preProject
		LICENSE = LICENSE
		README.md = README.md
	EndProjectSection
EndProject
Project("{9A19103F-16F7-4668-BE54-9A1E7A4F7556}") = "Rabotora.Creator", "Rabotora.Creator\Rabotora.Creator.csproj", "{8423E126-4778-4259-B916-7093179DA4EC}"
EndProject
Project("{9A19103F-16F7-4668-BE54-9A1E7A4F7556}") = "Rabotora.Compiler", "Rabotora.Compiler\Rabotora.Compiler.csproj", "{94EEEE82-AD66-4663-8957-11404ECEBFB4}"
EndProject
Project("{9A19103F-16F7-4668-BE54-9A1E7A4F7556}") = "Rabotora.MultiLanguage", "Rabotora.MultiLanguage\Rabotora.MultiLanguage.csproj", "{3185F2EA-A071-4478-A41B-570CF5AEB263}"
EndProject
Project("{FAE04EC0-301F-11D3-BF4B-00C04F79EFBC}") = "Rabotora.Launcher", "Rabotora.Launcher\Rabotora.Launcher.csproj", "{3F51C0B6-8FB7-4E28-9264-69E07ABF9417}"
EndProject
Project("{9A19103F-16F7-4668-BE54-9A1E7A4F7556}") = "Rabotora.Core", "Rabotora.Core\Rabotora.Core.csproj", "{9B12A721-12E1-4418-A768-DDEB0D3FB58E}"
EndProject
Global
	GlobalSection(SolutionConfigurationPlatforms) = preSolution
		Debug|Any CPU = Debug|Any CPU
		Debug|x64 = Debug|x64
		Release|Any CPU = Release|Any CPU
		Release|x64 = Release|x64
	EndGlobalSection
	GlobalSection(ProjectConfigurationPlatforms) = postSolution
		{40120B79-4BE0-47E7-8193-A75582FEC21B}.Debug|Any CPU.ActiveCfg = Debug|x64
		{40120B79-4BE0-47E7-8193-A75582FEC21B}.Debug|x64.ActiveCfg = Debug|x64
		{40120B79-4BE0-47E7-8193-A75582FEC21B}.Debug|x64.Build.0 = Debug|x64
		{40120B79-4BE0-47E7-8193-A75582FEC21B}.Release|Any CPU.ActiveCfg = Release|x64
		{40120B79-4BE0-47E7-8193-A75582FEC21B}.Release|x64.ActiveCfg = Release|x64
		{40120B79-4BE0-47E7-8193-A75582FEC21B}.Release|x64.Build.0 = Release|x64
		{8423E126-4778-4259-B916-7093179DA4EC}.Debug|Any CPU.ActiveCfg = Debug|x64
		{8423E126-4778-4259-B916-7093179DA4EC}.Debug|x64.ActiveCfg = Debug|x64
		{8423E126-4778-4259-B916-7093179DA4EC}.Debug|x64.Build.0 = Debug|x64
		{8423E126-4778-4259-B916-7093179DA4EC}.Release|Any CPU.ActiveCfg = Release|x64
		{8423E126-4778-4259-B916-7093179DA4EC}.Release|x64.ActiveCfg = Release|x64
		{8423E126-4778-4259-B916-7093179DA4EC}.Release|x64.Build.0 = Release|x64
		{94EEEE82-AD66-4663-8957-11404ECEBFB4}.Debug|Any CPU.ActiveCfg = Debug|x64
		{94EEEE82-AD66-4663-8957-11404ECEBFB4}.Debug|x64.ActiveCfg = Debug|x64
		{94EEEE82-AD66-4663-8957-11404ECEBFB4}.Debug|x64.Build.0 = Debug|x64
		{94EEEE82-AD66-4663-8957-11404ECEBFB4}.Release|Any CPU.ActiveCfg = Release|x64
		{94EEEE82-AD66-4663-8957-11404ECEBFB4}.Release|x64.ActiveCfg = Release|x64
		{94EEEE82-AD66-4663-8957-11404ECEBFB4}.Release|x64.Build.0 = Release|x64
		{3185F2EA-A071-4478-A41B-570CF5AEB263}.Debug|Any CPU.ActiveCfg = Debug|x64
		{3185F2EA-A071-4478-A41B-570CF5AEB263}.Debug|x64.ActiveCfg = Debug|x64
		{3185F2EA-A071-4478-A41B-570CF5AEB263}.Debug|x64.Build.0 = Debug|x64
		{3185F2EA-A071-4478-A41B-570CF5AEB263}.Release|Any CPU.ActiveCfg = Release|x64
		{3185F2EA-A071-4478-A41B-570CF5AEB263}.Release|x64.ActiveCfg = Release|x64
		{3F51C0B6-8FB7-4E28-9264-69E07ABF9417}.Debug|Any CPU.ActiveCfg = Debug|Any CPU
		{3F51C0B6-8FB7-4E28-9264-69E07ABF9417}.Debug|Any CPU.Build.0 = Debug|Any CPU
		{3F51C0B6-8FB7-4E28-9264-69E07ABF9417}.Debug|x64.ActiveCfg = Debug|x64
		{3F51C0B6-8FB7-4E28-9264-69E07ABF9417}.Debug|x64.Build.0 = Debug|x64
		{3F51C0B6-8FB7-4E28-9264-69E07ABF9417}.Release|Any CPU.ActiveCfg = Release|Any CPU
		{3F51C0B6-8FB7-4E28-9264-69E07ABF9417}.Release|Any CPU.Build.0 = Release|Any CPU
		{3F51C0B6-8FB7-4E28-9264-69E07ABF9417}.Release|x64.ActiveCfg = Release|Any CPU
		{3F51C0B6-8FB7-4E28-9264-69E07ABF9417}.Release|x64.Build.0 = Release|Any CPU
		{9B12A721-12E1-4418-A768-DDEB0D3FB58E}.Debug|Any CPU.ActiveCfg = Debug|x64
		{9B12A721-12E1-4418-A768-DDEB0D3FB58E}.Debug|x64.ActiveCfg = Debug|x64
		{9B12A721-12E1-4418-A768-DDEB0D3FB58E}.Debug|x64.Build.0 = Debug|x64
		{9B12A721-12E1-4418-A768-DDEB0D3FB58E}.Release|Any CPU.ActiveCfg = Release|x64
		{9B12A721-12E1-4418-A768-DDEB0D3FB58E}.Release|x64.ActiveCfg = Release|x64
	EndGlobalSection
	GlobalSection(SolutionProperties) = preSolution
		HideSolutionNode = FALSE
	EndGlobalSection
	GlobalSection(ExtensibilityGlobals) = postSolution
		SolutionGuid = {899ECA82-C1C2-4C4A-A056-4928E895E98B}
	EndGlobalSection
EndGlobal
