
Microsoft Visual Studio Solution File, Format Version 12.00
Project("{FAE04EC0-301F-11D3-BF4B-00C04F79EFBC}") = "RabotoraEngine", "RabotoraEngine\RabotoraEngine.csproj", "{8DAB045A-5590-47EA-9A01-FEDECD56265E}"
EndProject
Project("{FAE04EC0-301F-11D3-BF4B-00C04F79EFBC}") = "Rabotora.Launcher", "Rabotora.Launcher\Rabotora.Launcher.csproj", "{FDF9DE2F-78F5-450E-BD1C-363BC032A215}"
EndProject
Global
	GlobalSection(SolutionConfigurationPlatforms) = preSolution
		Debug|Any CPU = Debug|Any CPU
		Release|Any CPU = Release|Any CPU
	EndGlobalSection
	GlobalSection(ProjectConfigurationPlatforms) = postSolution
		{8DAB045A-5590-47EA-9A01-FEDECD56265E}.Debug|Any CPU.ActiveCfg = Debug|Any CPU
		{8DAB045A-5590-47EA-9A01-FEDECD56265E}.Debug|Any CPU.Build.0 = Debug|Any CPU
		{8DAB045A-5590-47EA-9A01-FEDECD56265E}.Release|Any CPU.ActiveCfg = Release|Any CPU
		{8DAB045A-5590-47EA-9A01-FEDECD56265E}.Release|Any CPU.Build.0 = Release|Any CPU
		{FDF9DE2F-78F5-450E-BD1C-363BC032A215}.Debug|Any CPU.ActiveCfg = Debug|Any CPU
		{FDF9DE2F-78F5-450E-BD1C-363BC032A215}.Debug|Any CPU.Build.0 = Debug|Any CPU
		{FDF9DE2F-78F5-450E-BD1C-363BC032A215}.Release|Any CPU.ActiveCfg = Release|Any CPU
		{FDF9DE2F-78F5-450E-BD1C-363BC032A215}.Release|Any CPU.Build.0 = Release|Any CPU
	EndGlobalSection
EndGlobal
