
Microsoft Visual Studio Solution File, Format Version 12.00
# Visual Studio Version 16
VisualStudioVersion = 16.0.30907.101
MinimumVisualStudioVersion = 10.0.40219.1
Project("{FAE04EC0-301F-11D3-BF4B-00C04F79EFBC}") = "Rabotora.Launcher", "Rabotora.Launcher\Rabotora.Launcher.csproj", "{3D2C0CCC-435B-4B0A-897F-F3D3D928FB2B}"
EndProject
Project("{9A19103F-16F7-4668-BE54-9A1E7A4F7556}") = "Rabotora.CLI", "Rabotora.CLI\Rabotora.CLI.csproj", "{40120B79-4BE0-47E7-8193-A75582FEC21B}"
EndProject
Project("{2150E333-8FDC-42A3-9474-1A3956D46DE8}") = "Solution Items", "Solution Items", "{52277BBE-C649-4051-BABE-F140B095EB3E}"
	ProjectSection(SolutionItems) = preProject
		README.md = README.md
	EndProjectSection
EndProject
Project("{9A19103F-16F7-4668-BE54-9A1E7A4F7556}") = "Rabotora.Creator", "Rabotora.Creator\Rabotora.Creator.csproj", "{8423E126-4778-4259-B916-7093179DA4EC}"
EndProject
Global
	GlobalSection(SolutionConfigurationPlatforms) = preSolution
		Debug|Any CPU = Debug|Any CPU
		Release|Any CPU = Release|Any CPU
	EndGlobalSection
	GlobalSection(ProjectConfigurationPlatforms) = postSolution
		{3D2C0CCC-435B-4B0A-897F-F3D3D928FB2B}.Debug|Any CPU.ActiveCfg = Debug|Any CPU
		{3D2C0CCC-435B-4B0A-897F-F3D3D928FB2B}.Debug|Any CPU.Build.0 = Debug|Any CPU
		{3D2C0CCC-435B-4B0A-897F-F3D3D928FB2B}.Release|Any CPU.ActiveCfg = Release|Any CPU
		{3D2C0CCC-435B-4B0A-897F-F3D3D928FB2B}.Release|Any CPU.Build.0 = Release|Any CPU
		{40120B79-4BE0-47E7-8193-A75582FEC21B}.Debug|Any CPU.ActiveCfg = Debug|Any CPU
		{40120B79-4BE0-47E7-8193-A75582FEC21B}.Debug|Any CPU.Build.0 = Debug|Any CPU
		{40120B79-4BE0-47E7-8193-A75582FEC21B}.Release|Any CPU.ActiveCfg = Release|Any CPU
		{40120B79-4BE0-47E7-8193-A75582FEC21B}.Release|Any CPU.Build.0 = Release|Any CPU
		{8423E126-4778-4259-B916-7093179DA4EC}.Debug|Any CPU.ActiveCfg = Debug|Any CPU
		{8423E126-4778-4259-B916-7093179DA4EC}.Debug|Any CPU.Build.0 = Debug|Any CPU
		{8423E126-4778-4259-B916-7093179DA4EC}.Release|Any CPU.ActiveCfg = Release|Any CPU
		{8423E126-4778-4259-B916-7093179DA4EC}.Release|Any CPU.Build.0 = Release|Any CPU
	EndGlobalSection
	GlobalSection(SolutionProperties) = preSolution
		HideSolutionNode = FALSE
	EndGlobalSection
	GlobalSection(ExtensibilityGlobals) = postSolution
		SolutionGuid = {899ECA82-C1C2-4C4A-A056-4928E895E98B}
	EndGlobalSection
EndGlobal
